
Microsoft Visual Studio Solution File, Format Version 12.00
# Visual Studio Version 16
VisualStudioVersion = 16.0.29326.143
MinimumVisualStudioVersion = 10.0.40219.1
Project("{9A19103F-16F7-4668-BE54-9A1E7A4F7556}") = "KampIntro", "KampIntro\KampIntro.csproj", "{4F4AE351-9772-4D58-BD53-F70D6D806087}"
EndProject
Project("{9A19103F-16F7-4668-BE54-9A1E7A4F7556}") = "Donguler", "Donguler\Donguler.csproj", "{1622689C-9ADF-48C6-8475-3E16F586C784}"
EndProject
Project("{9A19103F-16F7-4668-BE54-9A1E7A4F7556}") = "ClassIntro", "ClassIntro\ClassIntro.csproj", "{45E8A1E5-4321-4B52-A2B1-AFF5F1EA1DFD}"
EndProject
Project("{9A19103F-16F7-4668-BE54-9A1E7A4F7556}") = "Metotlar", "Metotlar\Metotlar.csproj", "{9360742F-36E6-45BC-A914-AC5EFFF96301}"
EndProject
Project("{9A19103F-16F7-4668-BE54-9A1E7A4F7556}") = "Matematik", "Matematik\Matematik.csproj", "{325A0D1A-DFCA-41B1-825B-EFC1425D9D90}"
EndProject
Project("{9A19103F-16F7-4668-BE54-9A1E7A4F7556}") = "DegerVeReferansTipler", "DegerVeReferansTipler\DegerVeReferansTipler.csproj", "{B75A860C-566B-46B9-A901-C83817EB9F1C}"
EndProject
Project("{9A19103F-16F7-4668-BE54-9A1E7A4F7556}") = "OOP1", "OOP1\OOP1.csproj", "{5538BA1C-D680-4D10-B685-19051A37ACE7}"
EndProject
Project("{9A19103F-16F7-4668-BE54-9A1E7A4F7556}") = "Koleksiyonlar", "Koleksiyonlar\Koleksiyonlar.csproj", "{CE98A6F7-6CD3-4B50-9B38-13A6C36B8DBC}"
EndProject
Project("{9A19103F-16F7-4668-BE54-9A1E7A4F7556}") = "GenericsIntro", "GenericsIntro\GenericsIntro.csproj", "{CD5A09FC-9169-4BEA-8847-2201E23E830C}"
EndProject
Project("{FAE04EC0-301F-11D3-BF4B-00C04F79EFBC}") = "GameProject", "GameProject\GameProject.csproj", "{48D14617-0237-4B04-8B30-C0CA594F0E9E}"
EndProject
Global
	GlobalSection(SolutionConfigurationPlatforms) = preSolution
		Debug|Any CPU = Debug|Any CPU
		Release|Any CPU = Release|Any CPU
	EndGlobalSection
	GlobalSection(ProjectConfigurationPlatforms) = postSolution
		{4F4AE351-9772-4D58-BD53-F70D6D806087}.Debug|Any CPU.ActiveCfg = Debug|Any CPU
		{4F4AE351-9772-4D58-BD53-F70D6D806087}.Debug|Any CPU.Build.0 = Debug|Any CPU
		{4F4AE351-9772-4D58-BD53-F70D6D806087}.Release|Any CPU.ActiveCfg = Release|Any CPU
		{4F4AE351-9772-4D58-BD53-F70D6D806087}.Release|Any CPU.Build.0 = Release|Any CPU
		{1622689C-9ADF-48C6-8475-3E16F586C784}.Debug|Any CPU.ActiveCfg = Debug|Any CPU
		{1622689C-9ADF-48C6-8475-3E16F586C784}.Debug|Any CPU.Build.0 = Debug|Any CPU
		{1622689C-9ADF-48C6-8475-3E16F586C784}.Release|Any CPU.ActiveCfg = Release|Any CPU
		{1622689C-9ADF-48C6-8475-3E16F586C784}.Release|Any CPU.Build.0 = Release|Any CPU
		{45E8A1E5-4321-4B52-A2B1-AFF5F1EA1DFD}.Debug|Any CPU.ActiveCfg = Debug|Any CPU
		{45E8A1E5-4321-4B52-A2B1-AFF5F1EA1DFD}.Debug|Any CPU.Build.0 = Debug|Any CPU
		{45E8A1E5-4321-4B52-A2B1-AFF5F1EA1DFD}.Release|Any CPU.ActiveCfg = Release|Any CPU
		{45E8A1E5-4321-4B52-A2B1-AFF5F1EA1DFD}.Release|Any CPU.Build.0 = Release|Any CPU
		{9360742F-36E6-45BC-A914-AC5EFFF96301}.Debug|Any CPU.ActiveCfg = Debug|Any CPU
		{9360742F-36E6-45BC-A914-AC5EFFF96301}.Debug|Any CPU.Build.0 = Debug|Any CPU
		{9360742F-36E6-45BC-A914-AC5EFFF96301}.Release|Any CPU.ActiveCfg = Release|Any CPU
		{9360742F-36E6-45BC-A914-AC5EFFF96301}.Release|Any CPU.Build.0 = Release|Any CPU
		{325A0D1A-DFCA-41B1-825B-EFC1425D9D90}.Debug|Any CPU.ActiveCfg = Debug|Any CPU
		{325A0D1A-DFCA-41B1-825B-EFC1425D9D90}.Debug|Any CPU.Build.0 = Debug|Any CPU
		{325A0D1A-DFCA-41B1-825B-EFC1425D9D90}.Release|Any CPU.ActiveCfg = Release|Any CPU
		{325A0D1A-DFCA-41B1-825B-EFC1425D9D90}.Release|Any CPU.Build.0 = Release|Any CPU
		{B75A860C-566B-46B9-A901-C83817EB9F1C}.Debug|Any CPU.ActiveCfg = Debug|Any CPU
		{B75A860C-566B-46B9-A901-C83817EB9F1C}.Debug|Any CPU.Build.0 = Debug|Any CPU
		{B75A860C-566B-46B9-A901-C83817EB9F1C}.Release|Any CPU.ActiveCfg = Release|Any CPU
		{B75A860C-566B-46B9-A901-C83817EB9F1C}.Release|Any CPU.Build.0 = Release|Any CPU
		{5538BA1C-D680-4D10-B685-19051A37ACE7}.Debug|Any CPU.ActiveCfg = Debug|Any CPU
		{5538BA1C-D680-4D10-B685-19051A37ACE7}.Debug|Any CPU.Build.0 = Debug|Any CPU
		{5538BA1C-D680-4D10-B685-19051A37ACE7}.Release|Any CPU.ActiveCfg = Release|Any CPU
		{5538BA1C-D680-4D10-B685-19051A37ACE7}.Release|Any CPU.Build.0 = Release|Any CPU
		{CE98A6F7-6CD3-4B50-9B38-13A6C36B8DBC}.Debug|Any CPU.ActiveCfg = Debug|Any CPU
		{CE98A6F7-6CD3-4B50-9B38-13A6C36B8DBC}.Debug|Any CPU.Build.0 = Debug|Any CPU
		{CE98A6F7-6CD3-4B50-9B38-13A6C36B8DBC}.Release|Any CPU.ActiveCfg = Release|Any CPU
		{CE98A6F7-6CD3-4B50-9B38-13A6C36B8DBC}.Release|Any CPU.Build.0 = Release|Any CPU
		{CD5A09FC-9169-4BEA-8847-2201E23E830C}.Debug|Any CPU.ActiveCfg = Debug|Any CPU
		{CD5A09FC-9169-4BEA-8847-2201E23E830C}.Debug|Any CPU.Build.0 = Debug|Any CPU
		{CD5A09FC-9169-4BEA-8847-2201E23E830C}.Release|Any CPU.ActiveCfg = Release|Any CPU
		{CD5A09FC-9169-4BEA-8847-2201E23E830C}.Release|Any CPU.Build.0 = Release|Any CPU
		{48D14617-0237-4B04-8B30-C0CA594F0E9E}.Debug|Any CPU.ActiveCfg = Debug|Any CPU
		{48D14617-0237-4B04-8B30-C0CA594F0E9E}.Debug|Any CPU.Build.0 = Debug|Any CPU
		{48D14617-0237-4B04-8B30-C0CA594F0E9E}.Release|Any CPU.ActiveCfg = Release|Any CPU
		{48D14617-0237-4B04-8B30-C0CA594F0E9E}.Release|Any CPU.Build.0 = Release|Any CPU
	EndGlobalSection
	GlobalSection(SolutionProperties) = preSolution
		HideSolutionNode = FALSE
	EndGlobalSection
	GlobalSection(ExtensibilityGlobals) = postSolution
		SolutionGuid = {75BA00C2-589C-4E9F-BEE2-811ECE0FFA7E}
	EndGlobalSection
EndGlobal
